
Microsoft Visual Studio Solution File, Format Version 12.00
# Visual Studio 2015
Project("{FAE04EC0-301F-11D3-BF4B-00C04F79EFBC}") = "iFrame.CSharp", "iFrame.CSharp.csproj", "{54A6FEC1-3BFD-9F98-A6C4-F6C4C6890D00}"
EndProject
Project("{FAE04EC0-301F-11D3-BF4B-00C04F79EFBC}") = "iFrame.CSharp.Editor", "iFrame.CSharp.Editor.csproj", "{FD2E2BCF-7079-D3B5-273F-5FCCC51709B2}"
EndProject
Global
	GlobalSection(SolutionConfigurationPlatforms) = preSolution
		Debug|Any CPU = Debug|Any CPU
		Release|Any CPU = Release|Any CPU
	EndGlobalSection
	GlobalSection(ProjectConfigurationPlatforms) = postSolution
		{54A6FEC1-3BFD-9F98-A6C4-F6C4C6890D00}.Debug|Any CPU.ActiveCfg = Debug|Any CPU
		{54A6FEC1-3BFD-9F98-A6C4-F6C4C6890D00}.Debug|Any CPU.Build.0 = Debug|Any CPU
		{54A6FEC1-3BFD-9F98-A6C4-F6C4C6890D00}.Release|Any CPU.ActiveCfg = Release|Any CPU
		{54A6FEC1-3BFD-9F98-A6C4-F6C4C6890D00}.Release|Any CPU.Build.0 = Release|Any CPU
		{FD2E2BCF-7079-D3B5-273F-5FCCC51709B2}.Debug|Any CPU.ActiveCfg = Debug|Any CPU
		{FD2E2BCF-7079-D3B5-273F-5FCCC51709B2}.Debug|Any CPU.Build.0 = Debug|Any CPU
		{FD2E2BCF-7079-D3B5-273F-5FCCC51709B2}.Release|Any CPU.ActiveCfg = Release|Any CPU
		{FD2E2BCF-7079-D3B5-273F-5FCCC51709B2}.Release|Any CPU.Build.0 = Release|Any CPU
	EndGlobalSection
	GlobalSection(SolutionProperties) = preSolution
		HideSolutionNode = FALSE
	EndGlobalSection
EndGlobal
